
Microsoft Visual Studio Solution File, Format Version 12.00
# Visual Studio Version 16
VisualStudioVersion = 16.0.31729.503
MinimumVisualStudioVersion = 10.0.40219.1
Project("{8BC9CEB8-8B4A-11D0-8D11-00A0C91BC942}") = "Chqpter3", "Chqpter3.vcxproj", "{BACFA777-B0C3-4208-9F0C-E28903CB3350}"
EndProject
Global
	GlobalSection(SolutionConfigurationPlatforms) = preSolution
		Debug|x64 = Debug|x64
		Debug|x86 = Debug|x86
		Release|x64 = Release|x64
		Release|x86 = Release|x86
	EndGlobalSection
	GlobalSection(ProjectConfigurationPlatforms) = postSolution
		{BACFA777-B0C3-4208-9F0C-E28903CB3350}.Debug|x64.ActiveCfg = Debug|x64
		{BACFA777-B0C3-4208-9F0C-E28903CB3350}.Debug|x64.Build.0 = Debug|x64
		{BACFA777-B0C3-4208-9F0C-E28903CB3350}.Debug|x86.ActiveCfg = Debug|Win32
		{BACFA777-B0C3-4208-9F0C-E28903CB3350}.Debug|x86.Build.0 = Debug|Win32
		{BACFA777-B0C3-4208-9F0C-E28903CB3350}.Release|x64.ActiveCfg = Release|x64
		{BACFA777-B0C3-4208-9F0C-E28903CB3350}.Release|x64.Build.0 = Release|x64
		{BACFA777-B0C3-4208-9F0C-E28903CB3350}.Release|x86.ActiveCfg = Release|Win32
		{BACFA777-B0C3-4208-9F0C-E28903CB3350}.Release|x86.Build.0 = Release|Win32
	EndGlobalSection
	GlobalSection(SolutionProperties) = preSolution
		HideSolutionNode = FALSE
	EndGlobalSection
	GlobalSection(ExtensibilityGlobals) = postSolution
		SolutionGuid = {41074AF1-978B-4F07-AD24-B4C349F506E4}
	EndGlobalSection
EndGlobal
